
Microsoft Visual Studio Solution File, Format Version 12.00
# Visual Studio 15
Project("{FAE04EC0-301F-11D3-BF4B-00C04F79EFBC}") = "Assembly-CSharp", "Assembly-CSharp.csproj", "{AB6E15CC-6CE3-84B8-181B-06FBBEBE65C3}"
EndProject
Global
	GlobalSection(SolutionConfigurationPlatforms) = preSolution
		Debug|Any CPU = Debug|Any CPU
		Release|Any CPU = Release|Any CPU
	EndGlobalSection
	GlobalSection(ProjectConfigurationPlatforms) = postSolution
		{AB6E15CC-6CE3-84B8-181B-06FBBEBE65C3}.Debug|Any CPU.ActiveCfg = Debug|Any CPU
		{AB6E15CC-6CE3-84B8-181B-06FBBEBE65C3}.Debug|Any CPU.Build.0 = Debug|Any CPU
		{AB6E15CC-6CE3-84B8-181B-06FBBEBE65C3}.Release|Any CPU.ActiveCfg = Release|Any CPU
		{AB6E15CC-6CE3-84B8-181B-06FBBEBE65C3}.Release|Any CPU.Build.0 = Release|Any CPU
	EndGlobalSection
	GlobalSection(SolutionProperties) = preSolution
		HideSolutionNode = FALSE
	EndGlobalSection
EndGlobal
